{
  "name": "inpageedit-v2",
  "version": "2.13.4-2",
  "lockfileVersion": 1,
  "requires": true,
  "dependencies": {
    "jquery": {
      "version": "3.5.1",
      "resolved": "https://registry.npm.taobao.org/jquery/download/jquery-3.5.1.tgz",
      "integrity": "sha1-17TQjhv9uGrS8aPQOeoXMEcXq7U="
    },
    "ssi-modal": {
      "version": "1.0.28",
      "resolved": "https://registry.npm.taobao.org/ssi-modal/download/ssi-modal-1.0.28.tgz",
      "integrity": "sha1-4RZCRyiq0t4azMoTGV0Q7nuPpfo=",
      "requires": {
        "jquery": ">1.9.x"
      }
    }
  }
}
